
Microsoft Visual Studio Solution File, Format Version 12.00
# Visual Studio 14
VisualStudioVersion = 14.0.25420.1
MinimumVisualStudioVersion = 10.0.40219.1
Project("{FAE04EC0-301F-11D3-BF4B-00C04F79EFBC}") = "APPPInCSharp_VistorPattern.Console", "APPPInCSharp_VistorPattern.Console\APPPInCSharp_VistorPattern.Console.csproj", "{FC217038-4ECD-4878-A55D-F2E54295D27A}"
EndProject
Project("{FAE04EC0-301F-11D3-BF4B-00C04F79EFBC}") = "APPPInCSharp_VistorPattern.UnitTests", "APPPInCSharp_VistorPattern.UnitTests\APPPInCSharp_VistorPattern.UnitTests.csproj", "{D76CA368-F4D3-44EB-A91A-AB070F484F5C}"
EndProject
Global
	GlobalSection(SolutionConfigurationPlatforms) = preSolution
		Debug|Any CPU = Debug|Any CPU
		Release|Any CPU = Release|Any CPU
	EndGlobalSection
	GlobalSection(ProjectConfigurationPlatforms) = postSolution
		{FC217038-4ECD-4878-A55D-F2E54295D27A}.Debug|Any CPU.ActiveCfg = Debug|Any CPU
		{FC217038-4ECD-4878-A55D-F2E54295D27A}.Debug|Any CPU.Build.0 = Debug|Any CPU
		{FC217038-4ECD-4878-A55D-F2E54295D27A}.Release|Any CPU.ActiveCfg = Release|Any CPU
		{FC217038-4ECD-4878-A55D-F2E54295D27A}.Release|Any CPU.Build.0 = Release|Any CPU
		{D76CA368-F4D3-44EB-A91A-AB070F484F5C}.Debug|Any CPU.ActiveCfg = Debug|Any CPU
		{D76CA368-F4D3-44EB-A91A-AB070F484F5C}.Debug|Any CPU.Build.0 = Debug|Any CPU
		{D76CA368-F4D3-44EB-A91A-AB070F484F5C}.Release|Any CPU.ActiveCfg = Release|Any CPU
		{D76CA368-F4D3-44EB-A91A-AB070F484F5C}.Release|Any CPU.Build.0 = Release|Any CPU
	EndGlobalSection
	GlobalSection(SolutionProperties) = preSolution
		HideSolutionNode = FALSE
	EndGlobalSection
EndGlobal
